
Microsoft Visual Studio Solution File, Format Version 12.00
Project("{FAE04EC0-301F-11D3-BF4B-00C04F79EFBC}") = "Warehouse.DAL", "Warehouse.DAL\Warehouse.DAL.csproj", "{38BCF145-6935-4C9A-97CD-C5B75419D321}"
EndProject
Project("{FAE04EC0-301F-11D3-BF4B-00C04F79EFBC}") = "Warehouse.BLL", "Warehouse.BLL\Warehouse.BLL.csproj", "{DF9A3EC9-C731-49B9-ADD3-2D0A3899F5F7}"
EndProject
Project("{FAE04EC0-301F-11D3-BF4B-00C04F79EFBC}") = "Warehouse.Desktop", "Warehouse.Desktop\Warehouse.Desktop.csproj", "{331B0C41-C9ED-4B7B-A5B6-DAF87D679BF4}"
EndProject
Project("{FAE04EC0-301F-11D3-BF4B-00C04F79EFBC}") = "Warehouse.Models", "Warehouse.Models\Warehouse.Models.csproj", "{9D99B049-7B5F-4B58-B1D2-9C668F7EFCD4}"
EndProject
Global
	GlobalSection(SolutionConfigurationPlatforms) = preSolution
		Debug|Any CPU = Debug|Any CPU
		Release|Any CPU = Release|Any CPU
	EndGlobalSection
	GlobalSection(ProjectConfigurationPlatforms) = postSolution
		{38BCF145-6935-4C9A-97CD-C5B75419D321}.Debug|Any CPU.ActiveCfg = Debug|Any CPU
		{38BCF145-6935-4C9A-97CD-C5B75419D321}.Debug|Any CPU.Build.0 = Debug|Any CPU
		{38BCF145-6935-4C9A-97CD-C5B75419D321}.Release|Any CPU.ActiveCfg = Release|Any CPU
		{38BCF145-6935-4C9A-97CD-C5B75419D321}.Release|Any CPU.Build.0 = Release|Any CPU
		{DF9A3EC9-C731-49B9-ADD3-2D0A3899F5F7}.Debug|Any CPU.ActiveCfg = Debug|Any CPU
		{DF9A3EC9-C731-49B9-ADD3-2D0A3899F5F7}.Debug|Any CPU.Build.0 = Debug|Any CPU
		{DF9A3EC9-C731-49B9-ADD3-2D0A3899F5F7}.Release|Any CPU.ActiveCfg = Release|Any CPU
		{DF9A3EC9-C731-49B9-ADD3-2D0A3899F5F7}.Release|Any CPU.Build.0 = Release|Any CPU
		{331B0C41-C9ED-4B7B-A5B6-DAF87D679BF4}.Debug|Any CPU.ActiveCfg = Debug|Any CPU
		{331B0C41-C9ED-4B7B-A5B6-DAF87D679BF4}.Debug|Any CPU.Build.0 = Debug|Any CPU
		{331B0C41-C9ED-4B7B-A5B6-DAF87D679BF4}.Release|Any CPU.ActiveCfg = Release|Any CPU
		{331B0C41-C9ED-4B7B-A5B6-DAF87D679BF4}.Release|Any CPU.Build.0 = Release|Any CPU
		{9D99B049-7B5F-4B58-B1D2-9C668F7EFCD4}.Debug|Any CPU.ActiveCfg = Debug|Any CPU
		{9D99B049-7B5F-4B58-B1D2-9C668F7EFCD4}.Debug|Any CPU.Build.0 = Debug|Any CPU
		{9D99B049-7B5F-4B58-B1D2-9C668F7EFCD4}.Release|Any CPU.ActiveCfg = Release|Any CPU
		{9D99B049-7B5F-4B58-B1D2-9C668F7EFCD4}.Release|Any CPU.Build.0 = Release|Any CPU
	EndGlobalSection
EndGlobal
